// !$*UTF8*$!
{
	archiveVersion = 1;
	classes = {
	};
	objectVersion = 46;
	objects = {

/* Begin PBXBuildFile section */
		1D2D0CD51FA5705B004ED20A /* SHLoginModel.swift in Sources */ = {isa = PBXBuildFile; fileRef = 1D2D0CD41FA5705B004ED20A /* SHLoginModel.swift */; };
		1D2D0CD81FA5868A004ED20A /* SportPlaceCell.swift in Sources */ = {isa = PBXBuildFile; fileRef = 1D2D0CD71FA5868A004ED20A /* SportPlaceCell.swift */; };
		1D2D0CDC1FA5A1D8004ED20A /* SHVideoListModelMap.swift in Sources */ = {isa = PBXBuildFile; fileRef = 1D2D0CDB1FA5A1D8004ED20A /* SHVideoListModelMap.swift */; };
		1D2D0CDE1FA5A850004ED20A /* SportVideoListCell.swift in Sources */ = {isa = PBXBuildFile; fileRef = 1D2D0CDD1FA5A850004ED20A /* SportVideoListCell.swift */; };
		1D2D0CE01FA5C422004ED20A /* SHEssayInfoModel.swift in Sources */ = {isa = PBXBuildFile; fileRef = 1D2D0CDF1FA5C422004ED20A /* SHEssayInfoModel.swift */; };
		1D2D0CE31FA5CAF0004ED20A /* FindEventListCell.swift in Sources */ = {isa = PBXBuildFile; fileRef = 1D2D0CE21FA5CAF0004ED20A /* FindEventListCell.swift */; };
		1D2D0CE51FA5DC0F004ED20A /* FindDetailViewController.swift in Sources */ = {isa = PBXBuildFile; fileRef = 1D2D0CE41FA5DC0E004ED20A /* FindDetailViewController.swift */; };
		1D2D0CE81FA5EA9C004ED20A /* StringExtension.swift in Sources */ = {isa = PBXBuildFile; fileRef = 1D2D0CE71FA5EA9C004ED20A /* StringExtension.swift */; };
		1D3E9ECF1F3209BD006CDD87 /* AppDelegate.swift in Sources */ = {isa = PBXBuildFile; fileRef = 1D3E9ECE1F3209BD006CDD87 /* AppDelegate.swift */; };
		1D3E9ED61F3209BD006CDD87 /* Main.storyboard in Resources */ = {isa = PBXBuildFile; fileRef = 1D3E9ED41F3209BD006CDD87 /* Main.storyboard */; };
		1D3E9ED81F3209BD006CDD87 /* Assets.xcassets in Resources */ = {isa = PBXBuildFile; fileRef = 1D3E9ED71F3209BD006CDD87 /* Assets.xcassets */; };
		1D3E9EDB1F3209BD006CDD87 /* LaunchScreen.storyboard in Resources */ = {isa = PBXBuildFile; fileRef = 1D3E9ED91F3209BD006CDD87 /* LaunchScreen.storyboard */; };
		1D3E9EE61F3209BD006CDD87 /* SmartHealthTests.swift in Sources */ = {isa = PBXBuildFile; fileRef = 1D3E9EE51F3209BD006CDD87 /* SmartHealthTests.swift */; };
		1D3E9EF11F3209BD006CDD87 /* SmartHealthUITests.swift in Sources */ = {isa = PBXBuildFile; fileRef = 1D3E9EF01F3209BD006CDD87 /* SmartHealthUITests.swift */; };
		1D3E9F011F3213AB006CDD87 /* CommanViewController.swift in Sources */ = {isa = PBXBuildFile; fileRef = 1D3E9F001F3213AB006CDD87 /* CommanViewController.swift */; };
		1D3E9F061F3286B4006CDD87 /* LoginViewController.swift in Sources */ = {isa = PBXBuildFile; fileRef = 1D3E9F051F3286B4006CDD87 /* LoginViewController.swift */; };
		1D3E9F081F3286CE006CDD87 /* RegisterViewController.swift in Sources */ = {isa = PBXBuildFile; fileRef = 1D3E9F071F3286CE006CDD87 /* RegisterViewController.swift */; };
		1D3E9F0B1F35A35B006CDD87 /* LoginNavigationController.swift in Sources */ = {isa = PBXBuildFile; fileRef = 1D3E9F0A1F35A35B006CDD87 /* LoginNavigationController.swift */; };
		1D3E9F0D1F35A3CA006CDD87 /* TestViewController.swift in Sources */ = {isa = PBXBuildFile; fileRef = 1D3E9F0C1F35A3CA006CDD87 /* TestViewController.swift */; };
		1D3E9F1B1F35D877006CDD87 /* MainTabBarController.swift in Sources */ = {isa = PBXBuildFile; fileRef = 1D3E9F161F35D877006CDD87 /* MainTabBarController.swift */; };
		1D3E9F1C1F35D877006CDD87 /* MyPageViewController.swift in Sources */ = {isa = PBXBuildFile; fileRef = 1D3E9F181F35D877006CDD87 /* MyPageViewController.swift */; };
		1D3E9F1D1F35D877006CDD87 /* SportAreaViewController.swift in Sources */ = {isa = PBXBuildFile; fileRef = 1D3E9F1A1F35D877006CDD87 /* SportAreaViewController.swift */; };
		1D3E9F1F1F35D963006CDD87 /* SettingViewController.swift in Sources */ = {isa = PBXBuildFile; fileRef = 1D3E9F1E1F35D963006CDD87 /* SettingViewController.swift */; };
		1D3E9F281F369C94006CDD87 /* MessageViewController.swift in Sources */ = {isa = PBXBuildFile; fileRef = 1D3E9F271F369C94006CDD87 /* MessageViewController.swift */; };
		1D3E9F311F36A9A2006CDD87 /* DetailTableViewCell.swift in Sources */ = {isa = PBXBuildFile; fileRef = 1D3E9F2C1F36A9A2006CDD87 /* DetailTableViewCell.swift */; };
		1D3E9F321F36A9A2006CDD87 /* DetailViewController.swift in Sources */ = {isa = PBXBuildFile; fileRef = 1D3E9F2D1F36A9A2006CDD87 /* DetailViewController.swift */; };
		1D3E9F331F36A9A2006CDD87 /* EventViewController.swift in Sources */ = {isa = PBXBuildFile; fileRef = 1D3E9F2E1F36A9A2006CDD87 /* EventViewController.swift */; };
		1D3E9F341F36A9A2006CDD87 /* FindViewController.swift in Sources */ = {isa = PBXBuildFile; fileRef = 1D3E9F2F1F36A9A2006CDD87 /* FindViewController.swift */; };
		1D3E9F391F39185B006CDD87 /* ChatViewController.m in Sources */ = {isa = PBXBuildFile; fileRef = 1D3E9F381F39185B006CDD87 /* ChatViewController.m */; };
		1D3E9F3C1F391CB1006CDD87 /* VideoPlayerViewController.m in Sources */ = {isa = PBXBuildFile; fileRef = 1D3E9F3B1F391CB1006CDD87 /* VideoPlayerViewController.m */; };
		1D9AF8C31F6F3AD400EAE44D /* Constants.swift in Sources */ = {isa = PBXBuildFile; fileRef = 1D9AF8C21F6F3AD400EAE44D /* Constants.swift */; };
		1D9AF8C51F6F4DB800EAE44D /* SportDetailViewController.swift in Sources */ = {isa = PBXBuildFile; fileRef = 1D9AF8C41F6F4DB800EAE44D /* SportDetailViewController.swift */; };
		1D9AF8C71F6F51E200EAE44D /* DeviceSettingViewController.swift in Sources */ = {isa = PBXBuildFile; fileRef = 1D9AF8C61F6F51E200EAE44D /* DeviceSettingViewController.swift */; };
		1DB688101FA5EFBC00BA7087 /* SHFindPersonFollow.swift in Sources */ = {isa = PBXBuildFile; fileRef = 1DB6880F1FA5EFBC00BA7087 /* SHFindPersonFollow.swift */; };
		1DBAA9C41F9F63FC00406445 /* ApiHelper.swift in Sources */ = {isa = PBXBuildFile; fileRef = 1DBAA9C31F9F63FC00406445 /* ApiHelper.swift */; };
		1DBAA9C61FA0BDE300406445 /* Utils.swift in Sources */ = {isa = PBXBuildFile; fileRef = 1DBAA9C51FA0BDE300406445 /* Utils.swift */; };
		1DBAA9CB1FA1439400406445 /* SHPlaceModelMap.swift in Sources */ = {isa = PBXBuildFile; fileRef = 1DBAA9CA1FA1439400406445 /* SHPlaceModelMap.swift */; };
		1DC116601F6AA737002FBB60 /* FindPwdViewController.swift in Sources */ = {isa = PBXBuildFile; fileRef = 1DC1165F1F6AA737002FBB60 /* FindPwdViewController.swift */; };
		1DC116641F6B36CF002FBB60 /* FindCollectionViewCell.swift in Sources */ = {isa = PBXBuildFile; fileRef = 1DC116631F6B36CF002FBB60 /* FindCollectionViewCell.swift */; };
		1DC116661F6D0DB0002FBB60 /* SettingInfoViewController.swift in Sources */ = {isa = PBXBuildFile; fileRef = 1DC116651F6D0DB0002FBB60 /* SettingInfoViewController.swift */; };
		1DC1166B1F6D472F002FBB60 /* SportCollectionViewCell.m in Sources */ = {isa = PBXBuildFile; fileRef = 1DC1166A1F6D472F002FBB60 /* SportCollectionViewCell.m */; };
		1DC1166D1F6E0676002FBB60 /* ShareViewController.swift in Sources */ = {isa = PBXBuildFile; fileRef = 1DC1166C1F6E0676002FBB60 /* ShareViewController.swift */; };
		1DCCE3C51F98CB1D000E5106 /* SportListViewController.swift in Sources */ = {isa = PBXBuildFile; fileRef = 1DCCE3C41F98CB1C000E5106 /* SportListViewController.swift */; };
		1DCCE3C71F9B2C86000E5106 /* MyLikesViewController.swift in Sources */ = {isa = PBXBuildFile; fileRef = 1DCCE3C61F9B2C85000E5106 /* MyLikesViewController.swift */; };
		1DCCE3C91F9B2F64000E5106 /* SportDetailConditionViewController.swift in Sources */ = {isa = PBXBuildFile; fileRef = 1DCCE3C81F9B2F64000E5106 /* SportDetailConditionViewController.swift */; };
		1DCCE3CB1F9E2C6F000E5106 /* DataUtils.swift in Sources */ = {isa = PBXBuildFile; fileRef = 1DCCE3CA1F9E2C6F000E5106 /* DataUtils.swift */; };
		66FA8BF5D0D2F4749AB6D55D /* Pods_SmartHealth.framework in Frameworks */ = {isa = PBXBuildFile; fileRef = C243213FA4A4A9F2FB210CF3 /* Pods_SmartHealth.framework */; };
		7E2131E31FA9EBF9002D7143 /* SHPersonPortraitModel.swift in Sources */ = {isa = PBXBuildFile; fileRef = 7E2131E21FA9EBF9002D7143 /* SHPersonPortraitModel.swift */; };
		7E2131E51FA9EE64002D7143 /* MySportListListCell.swift in Sources */ = {isa = PBXBuildFile; fileRef = 7E2131E41FA9EE64002D7143 /* MySportListListCell.swift */; };
		7E3152041FADD00900205959 /* SHSaveRecordModel.swift in Sources */ = {isa = PBXBuildFile; fileRef = 7E3152031FADD00900205959 /* SHSaveRecordModel.swift */; };
		7E35F3401F937E970008E688 /* GLKit.framework in Frameworks */ = {isa = PBXBuildFile; fileRef = 7E35F33F1F937E970008E688 /* GLKit.framework */; };
		7E35F3421F937E9D0008E688 /* CoreMotion.framework in Frameworks */ = {isa = PBXBuildFile; fileRef = 7E35F3411F937E9D0008E688 /* CoreMotion.framework */; };
		7E35F3441F937EA40008E688 /* libz.tbd in Frameworks */ = {isa = PBXBuildFile; fileRef = 7E35F3431F937EA40008E688 /* libz.tbd */; };
		7E35F34B1F9380840008E688 /* wu.mp4 in Resources */ = {isa = PBXBuildFile; fileRef = 7E35F34A1F9380840008E688 /* wu.mp4 */; };
		7E7E75471FAEB1FF00FB3595 /* SHResetPasswordModel.swift in Sources */ = {isa = PBXBuildFile; fileRef = 7E7E75461FAEB1FF00FB3595 /* SHResetPasswordModel.swift */; };
		7E97AB271FAD554C004E5E38 /* SHSplashPageViewController.swift in Sources */ = {isa = PBXBuildFile; fileRef = 7E97AB261FAD554C004E5E38 /* SHSplashPageViewController.swift */; };
		7E97AB291FAD5569004E5E38 /* FirstViewController.swift in Sources */ = {isa = PBXBuildFile; fileRef = 7E97AB281FAD5569004E5E38 /* FirstViewController.swift */; };
		7E97AB2B1FAD5B31004E5E38 /* SecondViewController.swift in Sources */ = {isa = PBXBuildFile; fileRef = 7E97AB2A1FAD5B31004E5E38 /* SecondViewController.swift */; };
		7E97AB2D1FAD5B40004E5E38 /* ThirdViewController.swift in Sources */ = {isa = PBXBuildFile; fileRef = 7E97AB2C1FAD5B40004E5E38 /* ThirdViewController.swift */; };
		7E9F6EF31FBDBBBA0088919D /* DownloadManger.swift in Sources */ = {isa = PBXBuildFile; fileRef = 7E9F6EF21FBDBBBA0088919D /* DownloadManger.swift */; };
		7ED32DF51FC0470400DE9E67 /* SHURLSessionDownloadTask.swift in Sources */ = {isa = PBXBuildFile; fileRef = 7ED32DF41FC0470400DE9E67 /* SHURLSessionDownloadTask.swift */; };
		7ED32DFA1FC1281B00DE9E67 /* UtoVRPlayer.framework in Frameworks */ = {isa = PBXBuildFile; fileRef = 7ED32DF81FC1281B00DE9E67 /* UtoVRPlayer.framework */; };
		7ED32DFB1FC1281B00DE9E67 /* UtoVRPlayerResouces.bundle in Resources */ = {isa = PBXBuildFile; fileRef = 7ED32DF91FC1281B00DE9E67 /* UtoVRPlayerResouces.bundle */; };
		7EE7406F1FB08F3200EB0696 /* MyAttentionDetailViewController.swift in Sources */ = {isa = PBXBuildFile; fileRef = 7EE7406E1FB08F3200EB0696 /* MyAttentionDetailViewController.swift */; };
		7EE740711FB0B04400EB0696 /* FindNewViewController.swift in Sources */ = {isa = PBXBuildFile; fileRef = 7EE740701FB0B04400EB0696 /* FindNewViewController.swift */; };
		7EE740731FB0B0B100EB0696 /* FindNewListCell.swift in Sources */ = {isa = PBXBuildFile; fileRef = 7EE740721FB0B0B100EB0696 /* FindNewListCell.swift */; };
		7EE740751FB0B2DC00EB0696 /* ShareMySelfViewController.swift in Sources */ = {isa = PBXBuildFile; fileRef = 7EE740741FB0B2DC00EB0696 /* ShareMySelfViewController.swift */; };
		7EF608761FA75A6200C33DFF /* FindAttentionTableViewCell.swift in Sources */ = {isa = PBXBuildFile; fileRef = 7EF608751FA75A6100C33DFF /* FindAttentionTableViewCell.swift */; };
		7EF608781FA75F3100C33DFF /* SHAttentionInfoModel.swift in Sources */ = {isa = PBXBuildFile; fileRef = 7EF608771FA75F3100C33DFF /* SHAttentionInfoModel.swift */; };
		7EF6087A1FA7619F00C33DFF /* AttentionViewController.swift in Sources */ = {isa = PBXBuildFile; fileRef = 7EF608791FA7619F00C33DFF /* AttentionViewController.swift */; };
		7EF6087C1FA7627C00C33DFF /* FindAttentionListCell.swift in Sources */ = {isa = PBXBuildFile; fileRef = 7EF6087B1FA7627C00C33DFF /* FindAttentionListCell.swift */; };
		7EF608821FA7D3BF00C33DFF /* SHLikeAttentionInfoModel.swift in Sources */ = {isa = PBXBuildFile; fileRef = 7EF608811FA7D3BE00C33DFF /* SHLikeAttentionInfoModel.swift */; };
		7EF608841FA7D56600C33DFF /* MyLikeAttentionListCell.swift in Sources */ = {isa = PBXBuildFile; fileRef = 7EF608831FA7D56600C33DFF /* MyLikeAttentionListCell.swift */; };
		7EF608861FA7D83900C33DFF /* SHLikeRecordHistoryInfoModel.swift in Sources */ = {isa = PBXBuildFile; fileRef = 7EF608851FA7D83900C33DFF /* SHLikeRecordHistoryInfoModel.swift */; };
		7EF608881FA8B21200C33DFF /* SHRegisterModel.swift in Sources */ = {isa = PBXBuildFile; fileRef = 7EF608871FA8B21200C33DFF /* SHRegisterModel.swift */; };
		7EF6088A1FA8BB9400C33DFF /* SHPersoninfoModel.swift in Sources */ = {isa = PBXBuildFile; fileRef = 7EF608891FA8BB9400C33DFF /* SHPersoninfoModel.swift */; };
/* End PBXBuildFile section */

/* Begin PBXContainerItemProxy section */
		1D3E9EE21F3209BD006CDD87 /* PBXContainerItemProxy */ = {
			isa = PBXContainerItemProxy;
			containerPortal = 1D3E9EC31F3209BD006CDD87 /* Project object */;
			proxyType = 1;
			remoteGlobalIDString = 1D3E9ECA1F3209BD006CDD87;
			remoteInfo = SmartHealth;
		};
		1D3E9EED1F3209BD006CDD87 /* PBXContainerItemProxy */ = {
			isa = PBXContainerItemProxy;
			containerPortal = 1D3E9EC31F3209BD006CDD87 /* Project object */;
			proxyType = 1;
			remoteGlobalIDString = 1D3E9ECA1F3209BD006CDD87;
			remoteInfo = SmartHealth;
		};
/* End PBXContainerItemProxy section */

/* Begin PBXFileReference section */
		0D7FEC4C06CA67E826B5A6B7 /* Pods-SmartHealth.release.xcconfig */ = {isa = PBXFileReference; includeInIndex = 1; lastKnownFileType = text.xcconfig; name = "Pods-SmartHealth.release.xcconfig"; path = "Pods/Target Support Files/Pods-SmartHealth/Pods-SmartHealth.release.xcconfig"; sourceTree = "<group>"; };
		1D2D0CD41FA5705B004ED20A /* SHLoginModel.swift */ = {isa = PBXFileReference; lastKnownFileType = sourcecode.swift; path = SHLoginModel.swift; sourceTree = "<group>"; };
		1D2D0CD71FA5868A004ED20A /* SportPlaceCell.swift */ = {isa = PBXFileReference; lastKnownFileType = sourcecode.swift; path = SportPlaceCell.swift; sourceTree = "<group>"; };
		1D2D0CDB1FA5A1D8004ED20A /* SHVideoListModelMap.swift */ = {isa = PBXFileReference; fileEncoding = 4; lastKnownFileType = sourcecode.swift; path = SHVideoListModelMap.swift; sourceTree = "<group>"; };
		1D2D0CDD1FA5A850004ED20A /* SportVideoListCell.swift */ = {isa = PBXFileReference; fileEncoding = 4; lastKnownFileType = sourcecode.swift; path = SportVideoListCell.swift; sourceTree = "<group>"; };
		1D2D0CDF1FA5C422004ED20A /* SHEssayInfoModel.swift */ = {isa = PBXFileReference; lastKnownFileType = sourcecode.swift; path = SHEssayInfoModel.swift; sourceTree = "<group>"; };
		1D2D0CE21FA5CAF0004ED20A /* FindEventListCell.swift */ = {isa = PBXFileReference; fileEncoding = 4; lastKnownFileType = sourcecode.swift; path = FindEventListCell.swift; sourceTree = "<group>"; };
		1D2D0CE41FA5DC0E004ED20A /* FindDetailViewController.swift */ = {isa = PBXFileReference; fileEncoding = 4; lastKnownFileType = sourcecode.swift; path = FindDetailViewController.swift; sourceTree = "<group>"; };
		1D2D0CE71FA5EA9C004ED20A /* StringExtension.swift */ = {isa = PBXFileReference; lastKnownFileType = sourcecode.swift; path = StringExtension.swift; sourceTree = "<group>"; };
		1D3E9ECB1F3209BD006CDD87 /* SmartHealth.app */ = {isa = PBXFileReference; explicitFileType = wrapper.application; includeInIndex = 0; path = SmartHealth.app; sourceTree = BUILT_PRODUCTS_DIR; };
		1D3E9ECE1F3209BD006CDD87 /* AppDelegate.swift */ = {isa = PBXFileReference; lastKnownFileType = sourcecode.swift; path = AppDelegate.swift; sourceTree = "<group>"; };
		1D3E9ED51F3209BD006CDD87 /* Base */ = {isa = PBXFileReference; lastKnownFileType = file.storyboard; name = Base; path = Base.lproj/Main.storyboard; sourceTree = "<group>"; };
		1D3E9ED71F3209BD006CDD87 /* Assets.xcassets */ = {isa = PBXFileReference; lastKnownFileType = folder.assetcatalog; path = Assets.xcassets; sourceTree = "<group>"; };
		1D3E9EDA1F3209BD006CDD87 /* Base */ = {isa = PBXFileReference; lastKnownFileType = file.storyboard; name = Base; path = Base.lproj/LaunchScreen.storyboard; sourceTree = "<group>"; };
		1D3E9EDC1F3209BD006CDD87 /* Info.plist */ = {isa = PBXFileReference; lastKnownFileType = text.plist.xml; path = Info.plist; sourceTree = "<group>"; };
		1D3E9EE11F3209BD006CDD87 /* SmartHealthTests.xctest */ = {isa = PBXFileReference; explicitFileType = wrapper.cfbundle; includeInIndex = 0; path = SmartHealthTests.xctest; sourceTree = BUILT_PRODUCTS_DIR; };
		1D3E9EE51F3209BD006CDD87 /* SmartHealthTests.swift */ = {isa = PBXFileReference; lastKnownFileType = sourcecode.swift; path = SmartHealthTests.swift; sourceTree = "<group>"; };
		1D3E9EE71F3209BD006CDD87 /* Info.plist */ = {isa = PBXFileReference; lastKnownFileType = text.plist.xml; path = Info.plist; sourceTree = "<group>"; };
		1D3E9EEC1F3209BD006CDD87 /* SmartHealthUITests.xctest */ = {isa = PBXFileReference; explicitFileType = wrapper.cfbundle; includeInIndex = 0; path = SmartHealthUITests.xctest; sourceTree = BUILT_PRODUCTS_DIR; };
		1D3E9EF01F3209BD006CDD87 /* SmartHealthUITests.swift */ = {isa = PBXFileReference; lastKnownFileType = sourcecode.swift; path = SmartHealthUITests.swift; sourceTree = "<group>"; };
		1D3E9EF21F3209BD006CDD87 /* Info.plist */ = {isa = PBXFileReference; lastKnownFileType = text.plist.xml; path = Info.plist; sourceTree = "<group>"; };
		1D3E9F001F3213AB006CDD87 /* CommanViewController.swift */ = {isa = PBXFileReference; fileEncoding = 4; lastKnownFileType = sourcecode.swift; path = CommanViewController.swift; sourceTree = "<group>"; };
		1D3E9F051F3286B4006CDD87 /* LoginViewController.swift */ = {isa = PBXFileReference; fileEncoding = 4; lastKnownFileType = sourcecode.swift; path = LoginViewController.swift; sourceTree = "<group>"; };
		1D3E9F071F3286CE006CDD87 /* RegisterViewController.swift */ = {isa = PBXFileReference; fileEncoding = 4; lastKnownFileType = sourcecode.swift; path = RegisterViewController.swift; sourceTree = "<group>"; };
		1D3E9F0A1F35A35B006CDD87 /* LoginNavigationController.swift */ = {isa = PBXFileReference; fileEncoding = 4; lastKnownFileType = sourcecode.swift; path = LoginNavigationController.swift; sourceTree = "<group>"; };
		1D3E9F0C1F35A3CA006CDD87 /* TestViewController.swift */ = {isa = PBXFileReference; fileEncoding = 4; lastKnownFileType = sourcecode.swift; path = TestViewController.swift; sourceTree = "<group>"; };
		1D3E9F161F35D877006CDD87 /* MainTabBarController.swift */ = {isa = PBXFileReference; fileEncoding = 4; lastKnownFileType = sourcecode.swift; path = MainTabBarController.swift; sourceTree = "<group>"; };
		1D3E9F181F35D877006CDD87 /* MyPageViewController.swift */ = {isa = PBXFileReference; fileEncoding = 4; lastKnownFileType = sourcecode.swift; path = MyPageViewController.swift; sourceTree = "<group>"; };
		1D3E9F1A1F35D877006CDD87 /* SportAreaViewController.swift */ = {isa = PBXFileReference; fileEncoding = 4; lastKnownFileType = sourcecode.swift; path = SportAreaViewController.swift; sourceTree = "<group>"; };
		1D3E9F1E1F35D963006CDD87 /* SettingViewController.swift */ = {isa = PBXFileReference; fileEncoding = 4; lastKnownFileType = sourcecode.swift; path = SettingViewController.swift; sourceTree = "<group>"; };
		1D3E9F271F369C94006CDD87 /* MessageViewController.swift */ = {isa = PBXFileReference; fileEncoding = 4; lastKnownFileType = sourcecode.swift; path = MessageViewController.swift; sourceTree = "<group>"; };
		1D3E9F2C1F36A9A2006CDD87 /* DetailTableViewCell.swift */ = {isa = PBXFileReference; fileEncoding = 4; lastKnownFileType = sourcecode.swift; path = DetailTableViewCell.swift; sourceTree = "<group>"; };
		1D3E9F2D1F36A9A2006CDD87 /* DetailViewController.swift */ = {isa = PBXFileReference; fileEncoding = 4; lastKnownFileType = sourcecode.swift; path = DetailViewController.swift; sourceTree = "<group>"; };
		1D3E9F2E1F36A9A2006CDD87 /* EventViewController.swift */ = {isa = PBXFileReference; fileEncoding = 4; lastKnownFileType = sourcecode.swift; path = EventViewController.swift; sourceTree = "<group>"; };
		1D3E9F2F1F36A9A2006CDD87 /* FindViewController.swift */ = {isa = PBXFileReference; fileEncoding = 4; lastKnownFileType = sourcecode.swift; path = FindViewController.swift; sourceTree = "<group>"; };
		1D3E9F361F39185B006CDD87 /* SmartHealth-Bridging-Header.h */ = {isa = PBXFileReference; lastKnownFileType = sourcecode.c.h; name = "SmartHealth-Bridging-Header.h"; path = "TabBar/Message/SmartHealth-Bridging-Header.h"; sourceTree = "<group>"; };
		1D3E9F371F39185B006CDD87 /* ChatViewController.h */ = {isa = PBXFileReference; fileEncoding = 4; lastKnownFileType = sourcecode.c.h; path = ChatViewController.h; sourceTree = "<group>"; };
		1D3E9F381F39185B006CDD87 /* ChatViewController.m */ = {isa = PBXFileReference; fileEncoding = 4; lastKnownFileType = sourcecode.c.objc; path = ChatViewController.m; sourceTree = "<group>"; };
		1D3E9F3A1F391CB1006CDD87 /* VideoPlayerViewController.h */ = {isa = PBXFileReference; fileEncoding = 4; lastKnownFileType = sourcecode.c.h; path = VideoPlayerViewController.h; sourceTree = "<group>"; };
		1D3E9F3B1F391CB1006CDD87 /* VideoPlayerViewController.m */ = {isa = PBXFileReference; fileEncoding = 4; lastKnownFileType = sourcecode.c.objc; path = VideoPlayerViewController.m; sourceTree = "<group>"; };
		1D9AF8C21F6F3AD400EAE44D /* Constants.swift */ = {isa = PBXFileReference; fileEncoding = 4; lastKnownFileType = sourcecode.swift; path = Constants.swift; sourceTree = "<group>"; };
		1D9AF8C41F6F4DB800EAE44D /* SportDetailViewController.swift */ = {isa = PBXFileReference; fileEncoding = 4; lastKnownFileType = sourcecode.swift; path = SportDetailViewController.swift; sourceTree = "<group>"; };
		1D9AF8C61F6F51E200EAE44D /* DeviceSettingViewController.swift */ = {isa = PBXFileReference; fileEncoding = 4; lastKnownFileType = sourcecode.swift; path = DeviceSettingViewController.swift; sourceTree = "<group>"; };
		1DB6880F1FA5EFBC00BA7087 /* SHFindPersonFollow.swift */ = {isa = PBXFileReference; fileEncoding = 4; lastKnownFileType = sourcecode.swift; path = SHFindPersonFollow.swift; sourceTree = "<group>"; };
		1DBAA9C31F9F63FC00406445 /* ApiHelper.swift */ = {isa = PBXFileReference; lastKnownFileType = sourcecode.swift; path = ApiHelper.swift; sourceTree = "<group>"; };
		1DBAA9C51FA0BDE300406445 /* Utils.swift */ = {isa = PBXFileReference; lastKnownFileType = sourcecode.swift; path = Utils.swift; sourceTree = "<group>"; };
		1DBAA9CA1FA1439400406445 /* SHPlaceModelMap.swift */ = {isa = PBXFileReference; lastKnownFileType = sourcecode.swift; path = SHPlaceModelMap.swift; sourceTree = "<group>"; };
		1DC1165F1F6AA737002FBB60 /* FindPwdViewController.swift */ = {isa = PBXFileReference; fileEncoding = 4; lastKnownFileType = sourcecode.swift; path = FindPwdViewController.swift; sourceTree = "<group>"; };
		1DC116631F6B36CF002FBB60 /* FindCollectionViewCell.swift */ = {isa = PBXFileReference; fileEncoding = 4; lastKnownFileType = sourcecode.swift; path = FindCollectionViewCell.swift; sourceTree = "<group>"; };
		1DC116651F6D0DB0002FBB60 /* SettingInfoViewController.swift */ = {isa = PBXFileReference; fileEncoding = 4; lastKnownFileType = sourcecode.swift; path = SettingInfoViewController.swift; sourceTree = "<group>"; };
		1DC116691F6D472F002FBB60 /* SportCollectionViewCell.h */ = {isa = PBXFileReference; fileEncoding = 4; lastKnownFileType = sourcecode.c.h; path = SportCollectionViewCell.h; sourceTree = "<group>"; };
		1DC1166A1F6D472F002FBB60 /* SportCollectionViewCell.m */ = {isa = PBXFileReference; fileEncoding = 4; lastKnownFileType = sourcecode.c.objc; path = SportCollectionViewCell.m; sourceTree = "<group>"; };
		1DC1166C1F6E0676002FBB60 /* ShareViewController.swift */ = {isa = PBXFileReference; fileEncoding = 4; lastKnownFileType = sourcecode.swift; path = ShareViewController.swift; sourceTree = "<group>"; };
		1DCCE3C41F98CB1C000E5106 /* SportListViewController.swift */ = {isa = PBXFileReference; fileEncoding = 4; lastKnownFileType = sourcecode.swift; path = SportListViewController.swift; sourceTree = "<group>"; };
		1DCCE3C61F9B2C85000E5106 /* MyLikesViewController.swift */ = {isa = PBXFileReference; fileEncoding = 4; lastKnownFileType = sourcecode.swift; path = MyLikesViewController.swift; sourceTree = "<group>"; };
		1DCCE3C81F9B2F64000E5106 /* SportDetailConditionViewController.swift */ = {isa = PBXFileReference; lastKnownFileType = sourcecode.swift; path = SportDetailConditionViewController.swift; sourceTree = "<group>"; };
		1DCCE3CA1F9E2C6F000E5106 /* DataUtils.swift */ = {isa = PBXFileReference; lastKnownFileType = sourcecode.swift; path = DataUtils.swift; sourceTree = "<group>"; };
		7E2131E21FA9EBF9002D7143 /* SHPersonPortraitModel.swift */ = {isa = PBXFileReference; fileEncoding = 4; lastKnownFileType = sourcecode.swift; path = SHPersonPortraitModel.swift; sourceTree = "<group>"; };
		7E2131E41FA9EE64002D7143 /* MySportListListCell.swift */ = {isa = PBXFileReference; fileEncoding = 4; lastKnownFileType = sourcecode.swift; path = MySportListListCell.swift; sourceTree = "<group>"; };
		7E3152031FADD00900205959 /* SHSaveRecordModel.swift */ = {isa = PBXFileReference; fileEncoding = 4; lastKnownFileType = sourcecode.swift; path = SHSaveRecordModel.swift; sourceTree = "<group>"; };
		7E35F33F1F937E970008E688 /* GLKit.framework */ = {isa = PBXFileReference; lastKnownFileType = wrapper.framework; name = GLKit.framework; path = System/Library/Frameworks/GLKit.framework; sourceTree = SDKROOT; };
		7E35F3411F937E9D0008E688 /* CoreMotion.framework */ = {isa = PBXFileReference; lastKnownFileType = wrapper.framework; name = CoreMotion.framework; path = System/Library/Frameworks/CoreMotion.framework; sourceTree = SDKROOT; };
		7E35F3431F937EA40008E688 /* libz.tbd */ = {isa = PBXFileReference; lastKnownFileType = "sourcecode.text-based-dylib-definition"; name = libz.tbd; path = usr/lib/libz.tbd; sourceTree = SDKROOT; };
		7E35F34A1F9380840008E688 /* wu.mp4 */ = {isa = PBXFileReference; lastKnownFileType = file; path = wu.mp4; sourceTree = "<group>"; };
		7E7E75461FAEB1FF00FB3595 /* SHResetPasswordModel.swift */ = {isa = PBXFileReference; fileEncoding = 4; lastKnownFileType = sourcecode.swift; path = SHResetPasswordModel.swift; sourceTree = "<group>"; };
		7E97AB261FAD554C004E5E38 /* SHSplashPageViewController.swift */ = {isa = PBXFileReference; lastKnownFileType = sourcecode.swift; path = SHSplashPageViewController.swift; sourceTree = "<group>"; };
		7E97AB281FAD5569004E5E38 /* FirstViewController.swift */ = {isa = PBXFileReference; lastKnownFileType = sourcecode.swift; path = FirstViewController.swift; sourceTree = "<group>"; };
		7E97AB2A1FAD5B31004E5E38 /* SecondViewController.swift */ = {isa = PBXFileReference; lastKnownFileType = sourcecode.swift; path = SecondViewController.swift; sourceTree = "<group>"; };
		7E97AB2C1FAD5B40004E5E38 /* ThirdViewController.swift */ = {isa = PBXFileReference; lastKnownFileType = sourcecode.swift; path = ThirdViewController.swift; sourceTree = "<group>"; };
		7E9F6EF21FBDBBBA0088919D /* DownloadManger.swift */ = {isa = PBXFileReference; fileEncoding = 4; lastKnownFileType = sourcecode.swift; path = DownloadManger.swift; sourceTree = "<group>"; };
		7ED32DF41FC0470400DE9E67 /* SHURLSessionDownloadTask.swift */ = {isa = PBXFileReference; lastKnownFileType = sourcecode.swift; path = SHURLSessionDownloadTask.swift; sourceTree = "<group>"; };
		7ED32DF81FC1281B00DE9E67 /* UtoVRPlayer.framework */ = {isa = PBXFileReference; lastKnownFileType = wrapper.framework; path = UtoVRPlayer.framework; sourceTree = "<group>"; };
		7ED32DF91FC1281B00DE9E67 /* UtoVRPlayerResouces.bundle */ = {isa = PBXFileReference; lastKnownFileType = "wrapper.plug-in"; path = UtoVRPlayerResouces.bundle; sourceTree = "<group>"; };
		7EE7406E1FB08F3200EB0696 /* MyAttentionDetailViewController.swift */ = {isa = PBXFileReference; lastKnownFileType = sourcecode.swift; path = MyAttentionDetailViewController.swift; sourceTree = "<group>"; };
		7EE740701FB0B04400EB0696 /* FindNewViewController.swift */ = {isa = PBXFileReference; fileEncoding = 4; lastKnownFileType = sourcecode.swift; path = FindNewViewController.swift; sourceTree = "<group>"; };
		7EE740721FB0B0B100EB0696 /* FindNewListCell.swift */ = {isa = PBXFileReference; fileEncoding = 4; lastKnownFileType = sourcecode.swift; path = FindNewListCell.swift; sourceTree = "<group>"; };
		7EE740741FB0B2DC00EB0696 /* ShareMySelfViewController.swift */ = {isa = PBXFileReference; lastKnownFileType = sourcecode.swift; path = ShareMySelfViewController.swift; sourceTree = "<group>"; };
		7EF608751FA75A6100C33DFF /* FindAttentionTableViewCell.swift */ = {isa = PBXFileReference; fileEncoding = 4; lastKnownFileType = sourcecode.swift; path = FindAttentionTableViewCell.swift; sourceTree = "<group>"; };
		7EF608771FA75F3100C33DFF /* SHAttentionInfoModel.swift */ = {isa = PBXFileReference; fileEncoding = 4; lastKnownFileType = sourcecode.swift; path = SHAttentionInfoModel.swift; sourceTree = "<group>"; };
		7EF608791FA7619F00C33DFF /* AttentionViewController.swift */ = {isa = PBXFileReference; lastKnownFileType = sourcecode.swift; path = AttentionViewController.swift; sourceTree = "<group>"; };
		7EF6087B1FA7627C00C33DFF /* FindAttentionListCell.swift */ = {isa = PBXFileReference; fileEncoding = 4; lastKnownFileType = sourcecode.swift; path = FindAttentionListCell.swift; sourceTree = "<group>"; };
		7EF608811FA7D3BE00C33DFF /* SHLikeAttentionInfoModel.swift */ = {isa = PBXFileReference; fileEncoding = 4; lastKnownFileType = sourcecode.swift; path = SHLikeAttentionInfoModel.swift; sourceTree = "<group>"; };
		7EF608831FA7D56600C33DFF /* MyLikeAttentionListCell.swift */ = {isa = PBXFileReference; fileEncoding = 4; lastKnownFileType = sourcecode.swift; path = MyLikeAttentionListCell.swift; sourceTree = "<group>"; };
		7EF608851FA7D83900C33DFF /* SHLikeRecordHistoryInfoModel.swift */ = {isa = PBXFileReference; fileEncoding = 4; lastKnownFileType = sourcecode.swift; path = SHLikeRecordHistoryInfoModel.swift; sourceTree = "<group>"; };
		7EF608871FA8B21200C33DFF /* SHRegisterModel.swift */ = {isa = PBXFileReference; fileEncoding = 4; lastKnownFileType = sourcecode.swift; path = SHRegisterModel.swift; sourceTree = "<group>"; };
		7EF608891FA8BB9400C33DFF /* SHPersoninfoModel.swift */ = {isa = PBXFileReference; fileEncoding = 4; lastKnownFileType = sourcecode.swift; path = SHPersoninfoModel.swift; sourceTree = "<group>"; };
		C243213FA4A4A9F2FB210CF3 /* Pods_SmartHealth.framework */ = {isa = PBXFileReference; explicitFileType = wrapper.framework; includeInIndex = 0; path = Pods_SmartHealth.framework; sourceTree = BUILT_PRODUCTS_DIR; };
		F7B9456C5E2070FB28B77401 /* Pods-SmartHealth.debug.xcconfig */ = {isa = PBXFileReference; includeInIndex = 1; lastKnownFileType = text.xcconfig; name = "Pods-SmartHealth.debug.xcconfig"; path = "Pods/Target Support Files/Pods-SmartHealth/Pods-SmartHealth.debug.xcconfig"; sourceTree = "<group>"; };
/* End PBXFileReference section */

/* Begin PBXFrameworksBuildPhase section */
		1D3E9EC81F3209BD006CDD87 /* Frameworks */ = {
			isa = PBXFrameworksBuildPhase;
			buildActionMask = 2147483647;
			files = (
				7E35F3441F937EA40008E688 /* libz.tbd in Frameworks */,
				7E35F3421F937E9D0008E688 /* CoreMotion.framework in Frameworks */,
				7ED32DFA1FC1281B00DE9E67 /* UtoVRPlayer.framework in Frameworks */,
				7E35F3401F937E970008E688 /* GLKit.framework in Frameworks */,
				66FA8BF5D0D2F4749AB6D55D /* Pods_SmartHealth.framework in Frameworks */,
			);
			runOnlyForDeploymentPostprocessing = 0;
		};
		1D3E9EDE1F3209BD006CDD87 /* Frameworks */ = {
			isa = PBXFrameworksBuildPhase;
			buildActionMask = 2147483647;
			files = (
			);
			runOnlyForDeploymentPostprocessing = 0;
		};
		1D3E9EE91F3209BD006CDD87 /* Frameworks */ = {
			isa = PBXFrameworksBuildPhase;
			buildActionMask = 2147483647;
			files = (
			);
			runOnlyForDeploymentPostprocessing = 0;
		};
/* End PBXFrameworksBuildPhase section */

/* Begin PBXGroup section */
		0B6A8198D2FFD4E23255558E /* Pods */ = {
			isa = PBXGroup;
			children = (
				F7B9456C5E2070FB28B77401 /* Pods-SmartHealth.debug.xcconfig */,
				0D7FEC4C06CA67E826B5A6B7 /* Pods-SmartHealth.release.xcconfig */,
			);
			name = Pods;
			sourceTree = "<group>";
		};
		1D2D0CD61FA58665004ED20A /* Cell */ = {
			isa = PBXGroup;
			children = (
				1D2D0CDD1FA5A850004ED20A /* SportVideoListCell.swift */,
				1D2D0CD71FA5868A004ED20A /* SportPlaceCell.swift */,
				1DC116691F6D472F002FBB60 /* SportCollectionViewCell.h */,
				1DC1166A1F6D472F002FBB60 /* SportCollectionViewCell.m */,
			);
			path = Cell;
			sourceTree = "<group>";
		};
		1D2D0CE11FA5CAF0004ED20A /* Cell */ = {
			isa = PBXGroup;
			children = (
				7EE740721FB0B0B100EB0696 /* FindNewListCell.swift */,
				7EF6087B1FA7627C00C33DFF /* FindAttentionListCell.swift */,
				7EF608751FA75A6100C33DFF /* FindAttentionTableViewCell.swift */,
				1D2D0CE21FA5CAF0004ED20A /* FindEventListCell.swift */,
			);
			path = Cell;
			sourceTree = "<group>";
		};
		1D2D0CE61FA5EA92004ED20A /* Extension */ = {
			isa = PBXGroup;
			children = (
				1D2D0CE71FA5EA9C004ED20A /* StringExtension.swift */,
			);
			path = Extension;
			sourceTree = "<group>";
		};
		1D3E9EC21F3209BD006CDD87 = {
			isa = PBXGroup;
			children = (
				1D3E9F3D1F391E3B006CDD87 /* Resources */,
				1D3E9ECD1F3209BD006CDD87 /* SmartHealth */,
				1D3E9EE41F3209BD006CDD87 /* SmartHealthTests */,
				1D3E9EEF1F3209BD006CDD87 /* SmartHealthUITests */,
				1D3E9ECC1F3209BD006CDD87 /* Products */,
				0B6A8198D2FFD4E23255558E /* Pods */,
				F576B1CF48E58D43FA2EF813 /* Frameworks */,
			);
			sourceTree = "<group>";
		};
		1D3E9ECC1F3209BD006CDD87 /* Products */ = {
			isa = PBXGroup;
			children = (
				1D3E9ECB1F3209BD006CDD87 /* SmartHealth.app */,
				1D3E9EE11F3209BD006CDD87 /* SmartHealthTests.xctest */,
				1D3E9EEC1F3209BD006CDD87 /* SmartHealthUITests.xctest */,
			);
			name = Products;
			sourceTree = "<group>";
		};
		1D3E9ECD1F3209BD006CDD87 /* SmartHealth */ = {
			isa = PBXGroup;
			children = (
				7ED32DF61FC1281B00DE9E67 /* Libs */,
				7E97AB251FAD5515004E5E38 /* Splash */,
				1D9AF8C11F6F3AC200EAE44D /* Utils */,
				1D3E9F361F39185B006CDD87 /* SmartHealth-Bridging-Header.h */,
				1D3E9F151F35D877006CDD87 /* TabBar */,
				1D3E9F041F3286B4006CDD87 /* login */,
				1D3E9F001F3213AB006CDD87 /* CommanViewController.swift */,
				1D3E9ECE1F3209BD006CDD87 /* AppDelegate.swift */,
				1D3E9ED41F3209BD006CDD87 /* Main.storyboard */,
				1D3E9ED71F3209BD006CDD87 /* Assets.xcassets */,
				1D3E9ED91F3209BD006CDD87 /* LaunchScreen.storyboard */,
				1D3E9EDC1F3209BD006CDD87 /* Info.plist */,
			);
			path = SmartHealth;
			sourceTree = "<group>";
		};
		1D3E9EE41F3209BD006CDD87 /* SmartHealthTests */ = {
			isa = PBXGroup;
			children = (
				1D3E9EE51F3209BD006CDD87 /* SmartHealthTests.swift */,
				1D3E9EE71F3209BD006CDD87 /* Info.plist */,
			);
			path = SmartHealthTests;
			sourceTree = "<group>";
		};
		1D3E9EEF1F3209BD006CDD87 /* SmartHealthUITests */ = {
			isa = PBXGroup;
			children = (
				1D3E9EF01F3209BD006CDD87 /* SmartHealthUITests.swift */,
				1D3E9EF21F3209BD006CDD87 /* Info.plist */,
			);
			path = SmartHealthUITests;
			sourceTree = "<group>";
		};
		1D3E9F041F3286B4006CDD87 /* login */ = {
			isa = PBXGroup;
			children = (
				1D3E9F051F3286B4006CDD87 /* LoginViewController.swift */,
				1D3E9F071F3286CE006CDD87 /* RegisterViewController.swift */,
				1D3E9F0A1F35A35B006CDD87 /* LoginNavigationController.swift */,
				1D3E9F0C1F35A3CA006CDD87 /* TestViewController.swift */,
				1DC1165F1F6AA737002FBB60 /* FindPwdViewController.swift */,
			);
			path = login;
			sourceTree = "<group>";
		};
		1D3E9F151F35D877006CDD87 /* TabBar */ = {
			isa = PBXGroup;
			children = (
				1DBAA9C71FA0C1F400406445 /* Model */,
				1D3E9F2B1F36A9A2006CDD87 /* Find */,
				1D3E9F261F369C94006CDD87 /* Message */,
				1D3E9F161F35D877006CDD87 /* MainTabBarController.swift */,
				1D3E9F171F35D877006CDD87 /* MyPage */,
				1D3E9F191F35D877006CDD87 /* Sport */,
			);
			path = TabBar;
			sourceTree = "<group>";
		};
		1D3E9F171F35D877006CDD87 /* MyPage */ = {
			isa = PBXGroup;
			children = (
				7EF608801FA7D3BE00C33DFF /* Cell */,
				1DCCE3C61F9B2C85000E5106 /* MyLikesViewController.swift */,
				1D3E9F181F35D877006CDD87 /* MyPageViewController.swift */,
				1D3E9F1E1F35D963006CDD87 /* SettingViewController.swift */,
				1DC116651F6D0DB0002FBB60 /* SettingInfoViewController.swift */,
				1D9AF8C41F6F4DB800EAE44D /* SportDetailViewController.swift */,
				1D9AF8C61F6F51E200EAE44D /* DeviceSettingViewController.swift */,
				1DCCE3C81F9B2F64000E5106 /* SportDetailConditionViewController.swift */,
				7EE7406E1FB08F3200EB0696 /* MyAttentionDetailViewController.swift */,
			);
			path = MyPage;
			sourceTree = "<group>";
		};
		1D3E9F191F35D877006CDD87 /* Sport */ = {
			isa = PBXGroup;
			children = (
				7E9F6EF11FBDBBBA0088919D /* Download */,
				1D2D0CD61FA58665004ED20A /* Cell */,
				1DCCE3C41F98CB1C000E5106 /* SportListViewController.swift */,
				1D3E9F3A1F391CB1006CDD87 /* VideoPlayerViewController.h */,
				1D3E9F3B1F391CB1006CDD87 /* VideoPlayerViewController.m */,
				1D3E9F1A1F35D877006CDD87 /* SportAreaViewController.swift */,
				1DC1166C1F6E0676002FBB60 /* ShareViewController.swift */,
			);
			path = Sport;
			sourceTree = "<group>";
		};
		1D3E9F261F369C94006CDD87 /* Message */ = {
			isa = PBXGroup;
			children = (
				1D3E9F371F39185B006CDD87 /* ChatViewController.h */,
				1D3E9F381F39185B006CDD87 /* ChatViewController.m */,
				1D3E9F271F369C94006CDD87 /* MessageViewController.swift */,
			);
			path = Message;
			sourceTree = "<group>";
		};
		1D3E9F2B1F36A9A2006CDD87 /* Find */ = {
			isa = PBXGroup;
			children = (
				1D2D0CE11FA5CAF0004ED20A /* Cell */,
				1D3E9F2C1F36A9A2006CDD87 /* DetailTableViewCell.swift */,
				1D3E9F2D1F36A9A2006CDD87 /* DetailViewController.swift */,
				1D2D0CE41FA5DC0E004ED20A /* FindDetailViewController.swift */,
				1D3E9F2E1F36A9A2006CDD87 /* EventViewController.swift */,
				7EF608791FA7619F00C33DFF /* AttentionViewController.swift */,
				7EE740701FB0B04400EB0696 /* FindNewViewController.swift */,
				1D3E9F2F1F36A9A2006CDD87 /* FindViewController.swift */,
				1DC116631F6B36CF002FBB60 /* FindCollectionViewCell.swift */,
				7EE740741FB0B2DC00EB0696 /* ShareMySelfViewController.swift */,
			);
			path = Find;
			sourceTree = "<group>";
		};
		1D3E9F3D1F391E3B006CDD87 /* Resources */ = {
			isa = PBXGroup;
			children = (
				7E35F34A1F9380840008E688 /* wu.mp4 */,
			);
			name = Resources;
			path = SmartHealth/Resources;
			sourceTree = "<group>";
		};
		1D9AF8C11F6F3AC200EAE44D /* Utils */ = {
			isa = PBXGroup;
			children = (
				1D2D0CE61FA5EA92004ED20A /* Extension */,
				1D9AF8C21F6F3AD400EAE44D /* Constants.swift */,
				1DCCE3CA1F9E2C6F000E5106 /* DataUtils.swift */,
				1DBAA9C31F9F63FC00406445 /* ApiHelper.swift */,
				1DBAA9C51FA0BDE300406445 /* Utils.swift */,
			);
			path = Utils;
			sourceTree = "<group>";
		};
		1DBAA9C71FA0C1F400406445 /* Model */ = {
			isa = PBXGroup;
			children = (
				7E7E75461FAEB1FF00FB3595 /* SHResetPasswordModel.swift */,
				7E3152031FADD00900205959 /* SHSaveRecordModel.swift */,
				7E2131E21FA9EBF9002D7143 /* SHPersonPortraitModel.swift */,
				7EF608891FA8BB9400C33DFF /* SHPersoninfoModel.swift */,
				7EF608871FA8B21200C33DFF /* SHRegisterModel.swift */,
				7EF608771FA75F3100C33DFF /* SHAttentionInfoModel.swift */,
				1DB6880F1FA5EFBC00BA7087 /* SHFindPersonFollow.swift */,
				1D2D0CDB1FA5A1D8004ED20A /* SHVideoListModelMap.swift */,
				1DBAA9CA1FA1439400406445 /* SHPlaceModelMap.swift */,
				1D2D0CD41FA5705B004ED20A /* SHLoginModel.swift */,
				1D2D0CDF1FA5C422004ED20A /* SHEssayInfoModel.swift */,
				7EF608811FA7D3BE00C33DFF /* SHLikeAttentionInfoModel.swift */,
				7EF608851FA7D83900C33DFF /* SHLikeRecordHistoryInfoModel.swift */,
			);
			path = Model;
			sourceTree = "<group>";
		};
		7E97AB251FAD5515004E5E38 /* Splash */ = {
			isa = PBXGroup;
			children = (
				7E97AB261FAD554C004E5E38 /* SHSplashPageViewController.swift */,
				7E97AB281FAD5569004E5E38 /* FirstViewController.swift */,
				7E97AB2A1FAD5B31004E5E38 /* SecondViewController.swift */,
				7E97AB2C1FAD5B40004E5E38 /* ThirdViewController.swift */,
			);
			path = Splash;
			sourceTree = "<group>";
		};
		7E9F6EF11FBDBBBA0088919D /* Download */ = {
			isa = PBXGroup;
			children = (
				7E9F6EF21FBDBBBA0088919D /* DownloadManger.swift */,
				7ED32DF41FC0470400DE9E67 /* SHURLSessionDownloadTask.swift */,
			);
			path = Download;
			sourceTree = "<group>";
		};
		7ED32DF61FC1281B00DE9E67 /* Libs */ = {
			isa = PBXGroup;
			children = (
				7ED32DF71FC1281B00DE9E67 /* UtoVRPlayerSDK */,
			);
			path = Libs;
			sourceTree = "<group>";
		};
		7ED32DF71FC1281B00DE9E67 /* UtoVRPlayerSDK */ = {
			isa = PBXGroup;
			children = (
				7ED32DF81FC1281B00DE9E67 /* UtoVRPlayer.framework */,
				7ED32DF91FC1281B00DE9E67 /* UtoVRPlayerResouces.bundle */,
			);
			path = UtoVRPlayerSDK;
			sourceTree = "<group>";
		};
		7EF608801FA7D3BE00C33DFF /* Cell */ = {
			isa = PBXGroup;
			children = (
				7E2131E41FA9EE64002D7143 /* MySportListListCell.swift */,
				7EF608831FA7D56600C33DFF /* MyLikeAttentionListCell.swift */,
			);
			path = Cell;
			sourceTree = "<group>";
		};
		F576B1CF48E58D43FA2EF813 /* Frameworks */ = {
			isa = PBXGroup;
			children = (
				7E35F3431F937EA40008E688 /* libz.tbd */,
				7E35F3411F937E9D0008E688 /* CoreMotion.framework */,
				7E35F33F1F937E970008E688 /* GLKit.framework */,
				C243213FA4A4A9F2FB210CF3 /* Pods_SmartHealth.framework */,
			);
			name = Frameworks;
			sourceTree = "<group>";
		};
/* End PBXGroup section */

/* Begin PBXNativeTarget section */
		1D3E9ECA1F3209BD006CDD87 /* SmartHealth */ = {
			isa = PBXNativeTarget;
			buildConfigurationList = 1D3E9EF51F3209BD006CDD87 /* Build configuration list for PBXNativeTarget "SmartHealth" */;
			buildPhases = (
				7628AF61FC653B03E73053B3 /* [CP] Check Pods Manifest.lock */,
				1D3E9EC71F3209BD006CDD87 /* Sources */,
				1D3E9EC81F3209BD006CDD87 /* Frameworks */,
				1D3E9EC91F3209BD006CDD87 /* Resources */,
				822799FC0AEB3E330175268A /* [CP] Embed Pods Frameworks */,
				202D16C4BD20E67856C26F2B /* [CP] Copy Pods Resources */,
				1D3E9F091F33D687006CDD87 /* ShellScript */,
			);
			buildRules = (
			);
			dependencies = (
			);
			name = SmartHealth;
			productName = SmartHealth;
			productReference = 1D3E9ECB1F3209BD006CDD87 /* SmartHealth.app */;
			productType = "com.apple.product-type.application";
		};
		1D3E9EE01F3209BD006CDD87 /* SmartHealthTests */ = {
			isa = PBXNativeTarget;
			buildConfigurationList = 1D3E9EF81F3209BD006CDD87 /* Build configuration list for PBXNativeTarget "SmartHealthTests" */;
			buildPhases = (
				1D3E9EDD1F3209BD006CDD87 /* Sources */,
				1D3E9EDE1F3209BD006CDD87 /* Frameworks */,
				1D3E9EDF1F3209BD006CDD87 /* Resources */,
			);
			buildRules = (
			);
			dependencies = (
				1D3E9EE31F3209BD006CDD87 /* PBXTargetDependency */,
			);
			name = SmartHealthTests;
			productName = SmartHealthTests;
			productReference = 1D3E9EE11F3209BD006CDD87 /* SmartHealthTests.xctest */;
			productType = "com.apple.product-type.bundle.unit-test";
		};
		1D3E9EEB1F3209BD006CDD87 /* SmartHealthUITests */ = {
			isa = PBXNativeTarget;
			buildConfigurationList = 1D3E9EFB1F3209BD006CDD87 /* Build configuration list for PBXNativeTarget "SmartHealthUITests" */;
			buildPhases = (
				1D3E9EE81F3209BD006CDD87 /* Sources */,
				1D3E9EE91F3209BD006CDD87 /* Frameworks */,
				1D3E9EEA1F3209BD006CDD87 /* Resources */,
			);
			buildRules = (
			);
			dependencies = (
				1D3E9EEE1F3209BD006CDD87 /* PBXTargetDependency */,
			);
			name = SmartHealthUITests;
			productName = SmartHealthUITests;
			productReference = 1D3E9EEC1F3209BD006CDD87 /* SmartHealthUITests.xctest */;
			productType = "com.apple.product-type.bundle.ui-testing";
		};
/* End PBXNativeTarget section */

/* Begin PBXProject section */
		1D3E9EC31F3209BD006CDD87 /* Project object */ = {
			isa = PBXProject;
			attributes = {
				LastSwiftUpdateCheck = 0830;
				LastUpgradeCheck = 0830;
				ORGANIZATIONNAME = laoniu;
				TargetAttributes = {
					1D3E9ECA1F3209BD006CDD87 = {
						CreatedOnToolsVersion = 8.3.3;
						DevelopmentTeam = 9H7A4LGR64;
						LastSwiftMigration = 0830;
						ProvisioningStyle = Automatic;
					};
					1D3E9EE01F3209BD006CDD87 = {
						CreatedOnToolsVersion = 8.3.3;
						DevelopmentTeam = 878799TLB4;
						ProvisioningStyle = Automatic;
						TestTargetID = 1D3E9ECA1F3209BD006CDD87;
					};
					1D3E9EEB1F3209BD006CDD87 = {
						CreatedOnToolsVersion = 8.3.3;
						DevelopmentTeam = 878799TLB4;
						ProvisioningStyle = Automatic;
						TestTargetID = 1D3E9ECA1F3209BD006CDD87;
					};
				};
			};
			buildConfigurationList = 1D3E9EC61F3209BD006CDD87 /* Build configuration list for PBXProject "SmartHealth" */;
			compatibilityVersion = "Xcode 3.2";
			developmentRegion = English;
			hasScannedForEncodings = 0;
			knownRegions = (
				en,
				Base,
			);
			mainGroup = 1D3E9EC21F3209BD006CDD87;
			productRefGroup = 1D3E9ECC1F3209BD006CDD87 /* Products */;
			projectDirPath = "";
			projectRoot = "";
			targets = (
				1D3E9ECA1F3209BD006CDD87 /* SmartHealth */,
				1D3E9EE01F3209BD006CDD87 /* SmartHealthTests */,
				1D3E9EEB1F3209BD006CDD87 /* SmartHealthUITests */,
			);
		};
/* End PBXProject section */

/* Begin PBXResourcesBuildPhase section */
		1D3E9EC91F3209BD006CDD87 /* Resources */ = {
			isa = PBXResourcesBuildPhase;
			buildActionMask = 2147483647;
			files = (
				7ED32DFB1FC1281B00DE9E67 /* UtoVRPlayerResouces.bundle in Resources */,
				1D3E9EDB1F3209BD006CDD87 /* LaunchScreen.storyboard in Resources */,
				1D3E9ED81F3209BD006CDD87 /* Assets.xcassets in Resources */,
				1D3E9ED61F3209BD006CDD87 /* Main.storyboard in Resources */,
				7E35F34B1F9380840008E688 /* wu.mp4 in Resources */,
			);
			runOnlyForDeploymentPostprocessing = 0;
		};
		1D3E9EDF1F3209BD006CDD87 /* Resources */ = {
			isa = PBXResourcesBuildPhase;
			buildActionMask = 2147483647;
			files = (
			);
			runOnlyForDeploymentPostprocessing = 0;
		};
		1D3E9EEA1F3209BD006CDD87 /* Resources */ = {
			isa = PBXResourcesBuildPhase;
			buildActionMask = 2147483647;
			files = (
			);
			runOnlyForDeploymentPostprocessing = 0;
		};
/* End PBXResourcesBuildPhase section */

/* Begin PBXShellScriptBuildPhase section */
		1D3E9F091F33D687006CDD87 /* ShellScript */ = {
			isa = PBXShellScriptBuildPhase;
			buildActionMask = 2147483647;
			files = (
			);
			inputPaths = (
			);
			outputPaths = (
			);
			runOnlyForDeploymentPostprocessing = 0;
			shellPath = /bin/sh;
			shellScript = "\"${PODS_ROOT}/Fabric/run\" d31bd770eb37b494636da1fa59c63570efd684df 224ae76aa5329da21ac6643e4967c00859ed8ea83ca6331b70c2d294052d7d96";
		};
		202D16C4BD20E67856C26F2B /* [CP] Copy Pods Resources */ = {
			isa = PBXShellScriptBuildPhase;
			buildActionMask = 2147483647;
			files = (
			);
			inputPaths = (
			);
			name = "[CP] Copy Pods Resources";
			outputPaths = (
			);
			runOnlyForDeploymentPostprocessing = 0;
			shellPath = /bin/sh;
			shellScript = "\"${SRCROOT}/Pods/Target Support Files/Pods-SmartHealth/Pods-SmartHealth-resources.sh\"\n";
			showEnvVarsInLog = 0;
		};
		7628AF61FC653B03E73053B3 /* [CP] Check Pods Manifest.lock */ = {
			isa = PBXShellScriptBuildPhase;
			buildActionMask = 2147483647;
			files = (
			);
			inputPaths = (
				"${PODS_PODFILE_DIR_PATH}/Podfile.lock",
				"${PODS_ROOT}/Manifest.lock",
			);
			name = "[CP] Check Pods Manifest.lock";
			outputPaths = (
				"$(DERIVED_FILE_DIR)/Pods-SmartHealth-checkManifestLockResult.txt",
			);
			runOnlyForDeploymentPostprocessing = 0;
			shellPath = /bin/sh;
			shellScript = "diff \"${PODS_PODFILE_DIR_PATH}/Podfile.lock\" \"${PODS_ROOT}/Manifest.lock\" > /dev/null\nif [ $? != 0 ] ; then\n    # print error to STDERR\n    echo \"error: The sandbox is not in sync with the Podfile.lock. Run 'pod install' or update your CocoaPods installation.\" >&2\n    exit 1\nfi\n# This output is used by Xcode 'outputs' to avoid re-running this script phase.\necho \"SUCCESS\" > \"${SCRIPT_OUTPUT_FILE_0}\"\n";
			showEnvVarsInLog = 0;
		};
		822799FC0AEB3E330175268A /* [CP] Embed Pods Frameworks */ = {
			isa = PBXShellScriptBuildPhase;
			buildActionMask = 2147483647;
			files = (
			);
			inputPaths = (
				"${SRCROOT}/Pods/Target Support Files/Pods-SmartHealth/Pods-SmartHealth-frameworks.sh",
				"${BUILT_PRODUCTS_DIR}/Alamofire/Alamofire.framework",
				"${BUILT_PRODUCTS_DIR}/ObjectMapper/ObjectMapper.framework",
				"${BUILT_PRODUCTS_DIR}/SDWebImage/SDWebImage.framework",
				"${BUILT_PRODUCTS_DIR}/Toast-Swift/Toast_Swift.framework",
				"${BUILT_PRODUCTS_DIR}/libwebp/libwebp.framework",
			);
			name = "[CP] Embed Pods Frameworks";
			outputPaths = (
				"${TARGET_BUILD_DIR}/${FRAMEWORKS_FOLDER_PATH}/Alamofire.framework",
				"${TARGET_BUILD_DIR}/${FRAMEWORKS_FOLDER_PATH}/ObjectMapper.framework",
				"${TARGET_BUILD_DIR}/${FRAMEWORKS_FOLDER_PATH}/SDWebImage.framework",
				"${TARGET_BUILD_DIR}/${FRAMEWORKS_FOLDER_PATH}/Toast_Swift.framework",
				"${TARGET_BUILD_DIR}/${FRAMEWORKS_FOLDER_PATH}/libwebp.framework",
			);
			runOnlyForDeploymentPostprocessing = 0;
			shellPath = /bin/sh;
			shellScript = "\"${SRCROOT}/Pods/Target Support Files/Pods-SmartHealth/Pods-SmartHealth-frameworks.sh\"\n";
			showEnvVarsInLog = 0;
		};
/* End PBXShellScriptBuildPhase section */

/* Begin PBXSourcesBuildPhase section */
		1D3E9EC71F3209BD006CDD87 /* Sources */ = {
			isa = PBXSourcesBuildPhase;
			buildActionMask = 2147483647;
			files = (
				1D3E9F391F39185B006CDD87 /* ChatViewController.m in Sources */,
				1D3E9F061F3286B4006CDD87 /* LoginViewController.swift in Sources */,
				7E2131E51FA9EE64002D7143 /* MySportListListCell.swift in Sources */,
				1D9AF8C51F6F4DB800EAE44D /* SportDetailViewController.swift in Sources */,
				7E3152041FADD00900205959 /* SHSaveRecordModel.swift in Sources */,
				1D3E9F321F36A9A2006CDD87 /* DetailViewController.swift in Sources */,
				1D2D0CD81FA5868A004ED20A /* SportPlaceCell.swift in Sources */,
				7EF6088A1FA8BB9400C33DFF /* SHPersoninfoModel.swift in Sources */,
				7EE740711FB0B04400EB0696 /* FindNewViewController.swift in Sources */,
				1D3E9F341F36A9A2006CDD87 /* FindViewController.swift in Sources */,
				1D3E9F081F3286CE006CDD87 /* RegisterViewController.swift in Sources */,
				7EF608861FA7D83900C33DFF /* SHLikeRecordHistoryInfoModel.swift in Sources */,
				7E2131E31FA9EBF9002D7143 /* SHPersonPortraitModel.swift in Sources */,
				1D2D0CD51FA5705B004ED20A /* SHLoginModel.swift in Sources */,
				1D3E9F0D1F35A3CA006CDD87 /* TestViewController.swift in Sources */,
				7E97AB271FAD554C004E5E38 /* SHSplashPageViewController.swift in Sources */,
				1DCCE3CB1F9E2C6F000E5106 /* DataUtils.swift in Sources */,
				7EE740731FB0B0B100EB0696 /* FindNewListCell.swift in Sources */,
				1DBAA9C41F9F63FC00406445 /* ApiHelper.swift in Sources */,
				1D3E9F331F36A9A2006CDD87 /* EventViewController.swift in Sources */,
				1D3E9F1B1F35D877006CDD87 /* MainTabBarController.swift in Sources */,
				1DCCE3C91F9B2F64000E5106 /* SportDetailConditionViewController.swift in Sources */,
				1DC116661F6D0DB0002FBB60 /* SettingInfoViewController.swift in Sources */,
				1D3E9F281F369C94006CDD87 /* MessageViewController.swift in Sources */,
				7EF6087C1FA7627C00C33DFF /* FindAttentionListCell.swift in Sources */,
				1DBAA9CB1FA1439400406445 /* SHPlaceModelMap.swift in Sources */,
				1D3E9ECF1F3209BD006CDD87 /* AppDelegate.swift in Sources */,
				1D2D0CE31FA5CAF0004ED20A /* FindEventListCell.swift in Sources */,
				1D2D0CE01FA5C422004ED20A /* SHEssayInfoModel.swift in Sources */,
				1D9AF8C31F6F3AD400EAE44D /* Constants.swift in Sources */,
				7E97AB291FAD5569004E5E38 /* FirstViewController.swift in Sources */,
				1DCCE3C51F98CB1D000E5106 /* SportListViewController.swift in Sources */,
				1D3E9F1F1F35D963006CDD87 /* SettingViewController.swift in Sources */,
				7EF608781FA75F3100C33DFF /* SHAttentionInfoModel.swift in Sources */,
				7EE7406F1FB08F3200EB0696 /* MyAttentionDetailViewController.swift in Sources */,
				1DCCE3C71F9B2C86000E5106 /* MyLikesViewController.swift in Sources */,
				1DC1166D1F6E0676002FBB60 /* ShareViewController.swift in Sources */,
				7E97AB2B1FAD5B31004E5E38 /* SecondViewController.swift in Sources */,
				1D3E9F311F36A9A2006CDD87 /* DetailTableViewCell.swift in Sources */,
				1D2D0CDE1FA5A850004ED20A /* SportVideoListCell.swift in Sources */,
				1DC116641F6B36CF002FBB60 /* FindCollectionViewCell.swift in Sources */,
				7EF608761FA75A6200C33DFF /* FindAttentionTableViewCell.swift in Sources */,
				7E97AB2D1FAD5B40004E5E38 /* ThirdViewController.swift in Sources */,
				7EF608841FA7D56600C33DFF /* MyLikeAttentionListCell.swift in Sources */,
				7EE740751FB0B2DC00EB0696 /* ShareMySelfViewController.swift in Sources */,
				7E9F6EF31FBDBBBA0088919D /* DownloadManger.swift in Sources */,
				1D2D0CE51FA5DC0F004ED20A /* FindDetailViewController.swift in Sources */,
				1D3E9F011F3213AB006CDD87 /* CommanViewController.swift in Sources */,
				7E7E75471FAEB1FF00FB3595 /* SHResetPasswordModel.swift in Sources */,
				1DBAA9C61FA0BDE300406445 /* Utils.swift in Sources */,
				1DB688101FA5EFBC00BA7087 /* SHFindPersonFollow.swift in Sources */,
				1DC1166B1F6D472F002FBB60 /* SportCollectionViewCell.m in Sources */,
				1D9AF8C71F6F51E200EAE44D /* DeviceSettingViewController.swift in Sources */,
				1D2D0CDC1FA5A1D8004ED20A /* SHVideoListModelMap.swift in Sources */,
				7ED32DF51FC0470400DE9E67 /* SHURLSessionDownloadTask.swift in Sources */,
				7EF608881FA8B21200C33DFF /* SHRegisterModel.swift in Sources */,
				7EF6087A1FA7619F00C33DFF /* AttentionViewController.swift in Sources */,
				7EF608821FA7D3BF00C33DFF /* SHLikeAttentionInfoModel.swift in Sources */,
				1DC116601F6AA737002FBB60 /* FindPwdViewController.swift in Sources */,
				1D3E9F0B1F35A35B006CDD87 /* LoginNavigationController.swift in Sources */,
				1D3E9F1C1F35D877006CDD87 /* MyPageViewController.swift in Sources */,
				1D2D0CE81FA5EA9C004ED20A /* StringExtension.swift in Sources */,
				1D3E9F3C1F391CB1006CDD87 /* VideoPlayerViewController.m in Sources */,
				1D3E9F1D1F35D877006CDD87 /* SportAreaViewController.swift in Sources */,
			);
			runOnlyForDeploymentPostprocessing = 0;
		};
		1D3E9EDD1F3209BD006CDD87 /* Sources */ = {
			isa = PBXSourcesBuildPhase;
			buildActionMask = 2147483647;
			files = (
				1D3E9EE61F3209BD006CDD87 /* SmartHealthTests.swift in Sources */,
			);
			runOnlyForDeploymentPostprocessing = 0;
		};
		1D3E9EE81F3209BD006CDD87 /* Sources */ = {
			isa = PBXSourcesBuildPhase;
			buildActionMask = 2147483647;
			files = (
				1D3E9EF11F3209BD006CDD87 /* SmartHealthUITests.swift in Sources */,
			);
			runOnlyForDeploymentPostprocessing = 0;
		};
/* End PBXSourcesBuildPhase section */

/* Begin PBXTargetDependency section */
		1D3E9EE31F3209BD006CDD87 /* PBXTargetDependency */ = {
			isa = PBXTargetDependency;
			target = 1D3E9ECA1F3209BD006CDD87 /* SmartHealth */;
			targetProxy = 1D3E9EE21F3209BD006CDD87 /* PBXContainerItemProxy */;
		};
		1D3E9EEE1F3209BD006CDD87 /* PBXTargetDependency */ = {
			isa = PBXTargetDependency;
			target = 1D3E9ECA1F3209BD006CDD87 /* SmartHealth */;
			targetProxy = 1D3E9EED1F3209BD006CDD87 /* PBXContainerItemProxy */;
		};
/* End PBXTargetDependency section */

/* Begin PBXVariantGroup section */
		1D3E9ED41F3209BD006CDD87 /* Main.storyboard */ = {
			isa = PBXVariantGroup;
			children = (
				1D3E9ED51F3209BD006CDD87 /* Base */,
			);
			name = Main.storyboard;
			sourceTree = "<group>";
		};
		1D3E9ED91F3209BD006CDD87 /* LaunchScreen.storyboard */ = {
			isa = PBXVariantGroup;
			children = (
				1D3E9EDA1F3209BD006CDD87 /* Base */,
			);
			name = LaunchScreen.storyboard;
			sourceTree = "<group>";
		};
/* End PBXVariantGroup section */

/* Begin XCBuildConfiguration section */
		1D3E9EF31F3209BD006CDD87 /* Debug */ = {
			isa = XCBuildConfiguration;
			buildSettings = {
				ALWAYS_SEARCH_USER_PATHS = NO;
				CLANG_ANALYZER_NONNULL = YES;
				CLANG_ANALYZER_NUMBER_OBJECT_CONVERSION = YES_AGGRESSIVE;
				CLANG_CXX_LANGUAGE_STANDARD = "gnu++0x";
				CLANG_CXX_LIBRARY = "libc++";
				CLANG_ENABLE_MODULES = YES;
				CLANG_ENABLE_OBJC_ARC = YES;
				CLANG_WARN_BOOL_CONVERSION = YES;
				CLANG_WARN_CONSTANT_CONVERSION = YES;
				CLANG_WARN_DIRECT_OBJC_ISA_USAGE = YES_ERROR;
				CLANG_WARN_DOCUMENTATION_COMMENTS = YES;
				CLANG_WARN_EMPTY_BODY = YES;
				CLANG_WARN_ENUM_CONVERSION = YES;
				CLANG_WARN_INFINITE_RECURSION = YES;
				CLANG_WARN_INT_CONVERSION = YES;
				CLANG_WARN_OBJC_ROOT_CLASS = YES_ERROR;
				CLANG_WARN_SUSPICIOUS_MOVE = YES;
				CLANG_WARN_UNREACHABLE_CODE = YES;
				CLANG_WARN__DUPLICATE_METHOD_MATCH = YES;
				"CODE_SIGN_IDENTITY[sdk=iphoneos*]" = "iPhone Developer";
				COPY_PHASE_STRIP = NO;
				DEBUG_INFORMATION_FORMAT = dwarf;
				ENABLE_STRICT_OBJC_MSGSEND = YES;
				ENABLE_TESTABILITY = YES;
				GCC_C_LANGUAGE_STANDARD = gnu99;
				GCC_DYNAMIC_NO_PIC = NO;
				GCC_NO_COMMON_BLOCKS = YES;
				GCC_OPTIMIZATION_LEVEL = 0;
				GCC_PREPROCESSOR_DEFINITIONS = (
					"DEBUG=1",
					"$(inherited)",
				);
				GCC_WARN_64_TO_32_BIT_CONVERSION = YES;
				GCC_WARN_ABOUT_RETURN_TYPE = YES_ERROR;
				GCC_WARN_UNDECLARED_SELECTOR = YES;
				GCC_WARN_UNINITIALIZED_AUTOS = YES_AGGRESSIVE;
				GCC_WARN_UNUSED_FUNCTION = YES;
				GCC_WARN_UNUSED_VARIABLE = YES;
				IPHONEOS_DEPLOYMENT_TARGET = 10.0;
				MTL_ENABLE_DEBUG_INFO = YES;
				ONLY_ACTIVE_ARCH = YES;
				SDKROOT = iphoneos;
				SWIFT_ACTIVE_COMPILATION_CONDITIONS = DEBUG;
				SWIFT_OPTIMIZATION_LEVEL = "-Onone";
			};
			name = Debug;
		};
		1D3E9EF41F3209BD006CDD87 /* Release */ = {
			isa = XCBuildConfiguration;
			buildSettings = {
				ALWAYS_SEARCH_USER_PATHS = NO;
				CLANG_ANALYZER_NONNULL = YES;
				CLANG_ANALYZER_NUMBER_OBJECT_CONVERSION = YES_AGGRESSIVE;
				CLANG_CXX_LANGUAGE_STANDARD = "gnu++0x";
				CLANG_CXX_LIBRARY = "libc++";
				CLANG_ENABLE_MODULES = YES;
				CLANG_ENABLE_OBJC_ARC = YES;
				CLANG_WARN_BOOL_CONVERSION = YES;
				CLANG_WARN_CONSTANT_CONVERSION = YES;
				CLANG_WARN_DIRECT_OBJC_ISA_USAGE = YES_ERROR;
				CLANG_WARN_DOCUMENTATION_COMMENTS = YES;
				CLANG_WARN_EMPTY_BODY = YES;
				CLANG_WARN_ENUM_CONVERSION = YES;
				CLANG_WARN_INFINITE_RECURSION = YES;
				CLANG_WARN_INT_CONVERSION = YES;
				CLANG_WARN_OBJC_ROOT_CLASS = YES_ERROR;
				CLANG_WARN_SUSPICIOUS_MOVE = YES;
				CLANG_WARN_UNREACHABLE_CODE = YES;
				CLANG_WARN__DUPLICATE_METHOD_MATCH = YES;
				"CODE_SIGN_IDENTITY[sdk=iphoneos*]" = "iPhone Developer";
				COPY_PHASE_STRIP = NO;
				DEBUG_INFORMATION_FORMAT = "dwarf-with-dsym";
				ENABLE_NS_ASSERTIONS = NO;
				ENABLE_STRICT_OBJC_MSGSEND = YES;
				GCC_C_LANGUAGE_STANDARD = gnu99;
				GCC_NO_COMMON_BLOCKS = YES;
				GCC_WARN_64_TO_32_BIT_CONVERSION = YES;
				GCC_WARN_ABOUT_RETURN_TYPE = YES_ERROR;
				GCC_WARN_UNDECLARED_SELECTOR = YES;
				GCC_WARN_UNINITIALIZED_AUTOS = YES_AGGRESSIVE;
				GCC_WARN_UNUSED_FUNCTION = YES;
				GCC_WARN_UNUSED_VARIABLE = YES;
				IPHONEOS_DEPLOYMENT_TARGET = 10.0;
				MTL_ENABLE_DEBUG_INFO = NO;
				SDKROOT = iphoneos;
				SWIFT_OPTIMIZATION_LEVEL = "-Owholemodule";
				VALIDATE_PRODUCT = YES;
			};
			name = Release;
		};
		1D3E9EF61F3209BD006CDD87 /* Debug */ = {
			isa = XCBuildConfiguration;
			baseConfigurationReference = F7B9456C5E2070FB28B77401 /* Pods-SmartHealth.debug.xcconfig */;
			buildSettings = {
				ASSETCATALOG_COMPILER_APPICON_NAME = AppIcon;
				ASSETCATALOG_COMPILER_LAUNCHIMAGE_NAME = LaunchImage;
				CLANG_ENABLE_MODULES = YES;
				"CODE_SIGN_IDENTITY[sdk=iphoneos*]" = "iPhone Developer";
				CODE_SIGN_STYLE = Automatic;
				DEVELOPMENT_TEAM = 9H7A4LGR64;
				FRAMEWORK_SEARCH_PATHS = (
					"$(inherited)",
					"$(PROJECT_DIR)/SmartHealth/Libs/UtoVRPlayerSDK",
				);
				INFOPLIST_FILE = SmartHealth/Info.plist;
				IPHONEOS_DEPLOYMENT_TARGET = 10.0;
				LD_RUNPATH_SEARCH_PATHS = "$(inherited) @executable_path/Frameworks -all_load -ObjC";
				PRODUCT_BUNDLE_IDENTIFIER = health01.smart.gov.SmartHealth;
				PRODUCT_NAME = "$(TARGET_NAME)";
				PROVISIONING_PROFILE_SPECIFIER = "";
				SWIFT_OBJC_BRIDGING_HEADER = "SmartHealth/TabBar/Message/SmartHealth-Bridging-Header.h";
				SWIFT_OPTIMIZATION_LEVEL = "-Onone";
				SWIFT_VERSION = 3.0;
			};
			name = Debug;
		};
		1D3E9EF71F3209BD006CDD87 /* Release */ = {
			isa = XCBuildConfiguration;
			baseConfigurationReference = 0D7FEC4C06CA67E826B5A6B7 /* Pods-SmartHealth.release.xcconfig */;
			buildSettings = {
				ASSETCATALOG_COMPILER_APPICON_NAME = AppIcon;
				ASSETCATALOG_COMPILER_LAUNCHIMAGE_NAME = LaunchImage;
				CLANG_ENABLE_MODULES = YES;
				"CODE_SIGN_IDENTITY[sdk=iphoneos*]" = "iPhone Developer";
				CODE_SIGN_STYLE = Automatic;
				DEVELOPMENT_TEAM = 9H7A4LGR64;
				FRAMEWORK_SEARCH_PATHS = (
					"$(inherited)",
					"$(PROJECT_DIR)/SmartHealth/Libs/UtoVRPlayerSDK",
				);
				INFOPLIST_FILE = SmartHealth/Info.plist;
				IPHONEOS_DEPLOYMENT_TARGET = 10.0;
				LD_RUNPATH_SEARCH_PATHS = "$(inherited) @executable_path/Frameworks -all_load -ObjC";
				PRODUCT_BUNDLE_IDENTIFIER = health01.smart.gov.SmartHealth;
				PRODUCT_NAME = "$(TARGET_NAME)";
				PROVISIONING_PROFILE_SPECIFIER = "";
				SWIFT_OBJC_BRIDGING_HEADER = "SmartHealth/TabBar/Message/SmartHealth-Bridging-Header.h";
				SWIFT_VERSION = 3.0;
			};
			name = Release;
		};
		1D3E9EF91F3209BD006CDD87 /* Debug */ = {
			isa = XCBuildConfiguration;
			buildSettings = {
				ALWAYS_EMBED_SWIFT_STANDARD_LIBRARIES = YES;
				BUNDLE_LOADER = "$(TEST_HOST)";
				DEVELOPMENT_TEAM = 878799TLB4;
				INFOPLIST_FILE = SmartHealthTests/Info.plist;
				LD_RUNPATH_SEARCH_PATHS = "$(inherited) @executable_path/Frameworks @loader_path/Frameworks";
				PRODUCT_BUNDLE_IDENTIFIER = health.smart.gov.SmartHealthTests;
				PRODUCT_NAME = "$(TARGET_NAME)";
				SWIFT_VERSION = 3.0;
				TEST_HOST = "$(BUILT_PRODUCTS_DIR)/SmartHealth.app/SmartHealth";
			};
			name = Debug;
		};
		1D3E9EFA1F3209BD006CDD87 /* Release */ = {
			isa = XCBuildConfiguration;
			buildSettings = {
				ALWAYS_EMBED_SWIFT_STANDARD_LIBRARIES = YES;
				BUNDLE_LOADER = "$(TEST_HOST)";
				DEVELOPMENT_TEAM = 878799TLB4;
				INFOPLIST_FILE = SmartHealthTests/Info.plist;
				LD_RUNPATH_SEARCH_PATHS = "$(inherited) @executable_path/Frameworks @loader_path/Frameworks";
				PRODUCT_BUNDLE_IDENTIFIER = health.smart.gov.SmartHealthTests;
				PRODUCT_NAME = "$(TARGET_NAME)";
				SWIFT_VERSION = 3.0;
				TEST_HOST = "$(BUILT_PRODUCTS_DIR)/SmartHealth.app/SmartHealth";
			};
			name = Release;
		};
		1D3E9EFC1F3209BD006CDD87 /* Debug */ = {
			isa = XCBuildConfiguration;
			buildSettings = {
				ALWAYS_EMBED_SWIFT_STANDARD_LIBRARIES = YES;
				DEVELOPMENT_TEAM = 878799TLB4;
				INFOPLIST_FILE = SmartHealthUITests/Info.plist;
				LD_RUNPATH_SEARCH_PATHS = "$(inherited) @executable_path/Frameworks @loader_path/Frameworks";
				PRODUCT_BUNDLE_IDENTIFIER = health.smart.gov.SmartHealthUITests;
				PRODUCT_NAME = "$(TARGET_NAME)";
				SWIFT_VERSION = 3.0;
				TEST_TARGET_NAME = SmartHealth;
			};
			name = Debug;
		};
		1D3E9EFD1F3209BD006CDD87 /* Release */ = {
			isa = XCBuildConfiguration;
			buildSettings = {
				ALWAYS_EMBED_SWIFT_STANDARD_LIBRARIES = YES;
				DEVELOPMENT_TEAM = 878799TLB4;
				INFOPLIST_FILE = SmartHealthUITests/Info.plist;
				LD_RUNPATH_SEARCH_PATHS = "$(inherited) @executable_path/Frameworks @loader_path/Frameworks";
				PRODUCT_BUNDLE_IDENTIFIER = health.smart.gov.SmartHealthUITests;
				PRODUCT_NAME = "$(TARGET_NAME)";
				SWIFT_VERSION = 3.0;
				TEST_TARGET_NAME = SmartHealth;
			};
			name = Release;
		};
/* End XCBuildConfiguration section */

/* Begin XCConfigurationList section */
		1D3E9EC61F3209BD006CDD87 /* Build configuration list for PBXProject "SmartHealth" */ = {
			isa = XCConfigurationList;
			buildConfigurations = (
				1D3E9EF31F3209BD006CDD87 /* Debug */,
				1D3E9EF41F3209BD006CDD87 /* Release */,
			);
			defaultConfigurationIsVisible = 0;
			defaultConfigurationName = Release;
		};
		1D3E9EF51F3209BD006CDD87 /* Build configuration list for PBXNativeTarget "SmartHealth" */ = {
			isa = XCConfigurationList;
			buildConfigurations = (
				1D3E9EF61F3209BD006CDD87 /* Debug */,
				1D3E9EF71F3209BD006CDD87 /* Release */,
			);
			defaultConfigurationIsVisible = 0;
			defaultConfigurationName = Release;
		};
		1D3E9EF81F3209BD006CDD87 /* Build configuration list for PBXNativeTarget "SmartHealthTests" */ = {
			isa = XCConfigurationList;
			buildConfigurations = (
				1D3E9EF91F3209BD006CDD87 /* Debug */,
				1D3E9EFA1F3209BD006CDD87 /* Release */,
			);
			defaultConfigurationIsVisible = 0;
			defaultConfigurationName = Release;
		};
		1D3E9EFB1F3209BD006CDD87 /* Build configuration list for PBXNativeTarget "SmartHealthUITests" */ = {
			isa = XCConfigurationList;
			buildConfigurations = (
				1D3E9EFC1F3209BD006CDD87 /* Debug */,
				1D3E9EFD1F3209BD006CDD87 /* Release */,
			);
			defaultConfigurationIsVisible = 0;
			defaultConfigurationName = Release;
		};
/* End XCConfigurationList section */
	};
	rootObject = 1D3E9EC31F3209BD006CDD87 /* Project object */;
}
